{
  "nodes": {
    "nixpkgs": {
      "locked": {
        "lastModified": 1607369810,
        "narHash": "sha256-BjoOsNFaXdx6DrOcDsHS2sveZCPWv+Jxs8H+gxuA+HE=",
        "ref": "master",
        "rev": "68d1006cabe165afaed9abddb6d4dfc57c1c6061",
        "revCount": 257499,
        "type": "git",
        "url": "https://github.com/NixOS/nixpkgs?branch=nixos-20.09"
      },
      "original": {
        "type": "git",
        "url": "https://github.com/NixOS/nixpkgs?branch=nixos-20.09"
      }
    },
    "root": {
      "inputs": {
        "nixpkgs": "nixpkgs"
      }
    }
  },
  "root": "root",
  "version": 7
}
